{
  "requires": true,
  "lockfileVersion": 1,
  "dependencies": {
    "@ionic-native/device-motion": {
      "version": "5.30.0",
      "resolved": "https://registry.npmjs.org/@ionic-native/device-motion/-/device-motion-5.30.0.tgz",
      "integrity": "sha512-SHmGHdSHyF+IK3NQOAH7pWVFkQA0U/Vvw4G+0sc6JhPTdp8d+7qbOw5uNBSfQ5JJGnd3HwWvXLO3TcPpmfQH7w==",
      "requires": {
        "@types/cordova": "^0.0.34"
      }
    },
    "@ionic-native/gyroscope": {
      "version": "5.30.0",
      "resolved": "https://registry.npmjs.org/@ionic-native/gyroscope/-/gyroscope-5.30.0.tgz",
      "integrity": "sha512-tnLvql9rnaYFadj+S6fU2K2S/XPUMAlqOo2gV8IC0AmpXc46OJl+7UyDad2VHN7xBvSWAyEYODLwtcgaik82HA==",
      "requires": {
        "@types/cordova": "^0.0.34"
      }
    },
    "@types/cordova": {
      "version": "0.0.34",
      "resolved": "https://registry.npmjs.org/@types/cordova/-/cordova-0.0.34.tgz",
      "integrity": "sha1-6nrd907Ow9dimCegw54smt3HPQQ="
    }
  }
}
